%{
  "bunt": {:hex, :bunt, "1.0.0", "081c2c665f086849e6d57900292b3a161727ab40431219529f13c4ddcf3e7a44", [:mix], [], "hexpm", "dc5f86aa08a5f6fa6b8096f0735c4e76d54ae5c9fa2c143e5a1fc7c1cd9bb6b5"},
  "car": {:hex, :car, "0.1.1", "a5bc4c5c1be96eab437634b3c0ccad1fe17b5e3d68c22a4031241ae1345aebd4", [:mix], [{:cbor, "~> 1.0.0", [hex: :cbor, repo: "hexpm", optional: false]}, {:typedstruct, "~> 0.5", [hex: :typedstruct, repo: "hexpm", optional: false]}, {:varint, "~> 1.4", [hex: :varint, repo: "hexpm", optional: false]}], "hexpm", "f895dda8123d04dd336db5a2bf0d0b47f4559cd5383f83fcca0700c1b45bfb6a"},
  "cbor": {:hex, :cbor, "1.0.1", "39511158e8ea5a57c1fcb9639aaa7efde67129678fee49ebbda780f6f24959b0", [:mix], [], "hexpm", "5431acbe7a7908f17f6a9cd43311002836a34a8ab01876918d8cfb709cd8b6a2"},
  "credo": {:hex, :credo, "1.7.12", "9e3c20463de4b5f3f23721527fcaf16722ec815e70ff6c60b86412c695d426c1", [:mix], [{:bunt, "~> 0.2.1 or ~> 1.0", [hex: :bunt, repo: "hexpm", optional: false]}, {:file_system, "~> 0.2 or ~> 1.0", [hex: :file_system, repo: "hexpm", optional: false]}, {:jason, "~> 1.0", [hex: :jason, repo: "hexpm", optional: false]}], "hexpm", "8493d45c656c5427d9c729235b99d498bd133421f3e0a683e5c1b561471291e5"},
  "file_system": {:hex, :file_system, "1.1.0", "08d232062284546c6c34426997dd7ef6ec9f8bbd090eb91780283c9016840e8f", [:mix], [], "hexpm", "bfcf81244f416871f2a2e15c1b515287faa5db9c6bcf290222206d120b3d43f6"},
  "jason": {:hex, :jason, "1.4.4", "b9226785a9aa77b6857ca22832cffa5d5011a667207eb2a0ad56adb5db443b8a", [:mix], [{:decimal, "~> 1.0 or ~> 2.0", [hex: :decimal, repo: "hexpm", optional: true]}], "hexpm", "c5eb0cab91f094599f94d55bc63409236a8ec69a21a67814529e8d5f6cc90b3b"},
  "telemetry": {:hex, :telemetry, "1.3.0", "fedebbae410d715cf8e7062c96a1ef32ec22e764197f70cda73d82778d61e7a2", [:rebar3], [], "hexpm", "7015fc8919dbe63764f4b4b87a95b7c0996bd539e0d499be6ec9d7f3875b79e6"},
  "typedstruct": {:hex, :typedstruct, "0.5.3", "d68ae424251a41b81a8d0c485328ab48edbd3858f3565bbdac21b43c056fc9b4", [:make, :mix], [], "hexpm", "b53b8186701417c0b2782bf02a2db5524f879b8488f91d1d83b97d84c2943432"},
  "varint": {:hex, :varint, "1.5.1", "17160c70d0428c3f8a7585e182468cac10bbf165c2360cf2328aaa39d3fb1795", [:mix], [], "hexpm", "24f3deb61e91cb988056de79d06f01161dd01be5e0acae61d8d936a552f1be73"},
  "websockex": {:hex, :websockex_wt, "0.5.0", "8725b3bc741e7a682c21310610d033f0aaeedfb3238d9c8d5522c345c04f3f93", [:mix], [{:telemetry, "~> 1.0", [hex: :telemetry, repo: "hexpm", optional: false]}], "hexpm", "f854a5e7dbd61e852ee74565d862d606e884425c8867ddaa49c8a6c6f43d832a"},
}
